
Microsoft Visual Studio Solution File, Format Version 12.00
# Visual Studio 14
VisualStudioVersion = 14.0.23107.0
MinimumVisualStudioVersion = 10.0.40219.1
Project("{FAE04EC0-301F-11D3-BF4B-00C04F79EFBC}") = "CaesarCipher", "Caesar Cipher\CaesarCipher.csproj", "{F546B51C-60EA-4EF4-A8E4-85DDA746BFE4}"
EndProject
Project("{FAE04EC0-301F-11D3-BF4B-00C04F79EFBC}") = "CaesarTEST", "CaesarTEST\CaesarTEST.csproj", "{97D8C9C9-8498-4BC8-B460-816DFB732B8B}"
EndProject
Global
	GlobalSection(SolutionConfigurationPlatforms) = preSolution
		Debug|Any CPU = Debug|Any CPU
		Release|Any CPU = Release|Any CPU
	EndGlobalSection
	GlobalSection(ProjectConfigurationPlatforms) = postSolution
		{F546B51C-60EA-4EF4-A8E4-85DDA746BFE4}.Debug|Any CPU.ActiveCfg = Debug|Any CPU
		{F546B51C-60EA-4EF4-A8E4-85DDA746BFE4}.Debug|Any CPU.Build.0 = Debug|Any CPU
		{F546B51C-60EA-4EF4-A8E4-85DDA746BFE4}.Release|Any CPU.ActiveCfg = Release|Any CPU
		{F546B51C-60EA-4EF4-A8E4-85DDA746BFE4}.Release|Any CPU.Build.0 = Release|Any CPU
		{97D8C9C9-8498-4BC8-B460-816DFB732B8B}.Debug|Any CPU.ActiveCfg = Debug|Any CPU
		{97D8C9C9-8498-4BC8-B460-816DFB732B8B}.Debug|Any CPU.Build.0 = Debug|Any CPU
		{97D8C9C9-8498-4BC8-B460-816DFB732B8B}.Release|Any CPU.ActiveCfg = Release|Any CPU
		{97D8C9C9-8498-4BC8-B460-816DFB732B8B}.Release|Any CPU.Build.0 = Release|Any CPU
	EndGlobalSection
	GlobalSection(SolutionProperties) = preSolution
		HideSolutionNode = FALSE
	EndGlobalSection
EndGlobal
